
Microsoft Visual Studio Solution File, Format Version 12.00
# Visual Studio 2012
Project("{FAE04EC0-301F-11D3-BF4B-00C04F79EFBC}") = "TaskCompletionSourceDemo", "TaskCompletionSourceDemo\TaskCompletionSourceDemo.csproj", "{56839B8C-3A55-4C19-BEC0-0FD6703CDB57}"
EndProject
Global
	GlobalSection(SolutionConfigurationPlatforms) = preSolution
		Debug|Any CPU = Debug|Any CPU
		Release|Any CPU = Release|Any CPU
	EndGlobalSection
	GlobalSection(ProjectConfigurationPlatforms) = postSolution
		{56839B8C-3A55-4C19-BEC0-0FD6703CDB57}.Debug|Any CPU.ActiveCfg = Debug|Any CPU
		{56839B8C-3A55-4C19-BEC0-0FD6703CDB57}.Debug|Any CPU.Build.0 = Debug|Any CPU
		{56839B8C-3A55-4C19-BEC0-0FD6703CDB57}.Release|Any CPU.ActiveCfg = Release|Any CPU
		{56839B8C-3A55-4C19-BEC0-0FD6703CDB57}.Release|Any CPU.Build.0 = Release|Any CPU
	EndGlobalSection
	GlobalSection(SolutionProperties) = preSolution
		HideSolutionNode = FALSE
	EndGlobalSection
EndGlobal
