
Microsoft Visual Studio Solution File, Format Version 12.00
# Visual Studio 2012
Project("{FAE04EC0-301F-11D3-BF4B-00C04F79EFBC}") = "PLINQDemo", "PLINQDemo\PLINQDemo.csproj", "{1079F9DF-4878-45A1-9C26-0E1F2325CD90}"
EndProject
Global
	GlobalSection(SolutionConfigurationPlatforms) = preSolution
		Debug|Any CPU = Debug|Any CPU
		Release|Any CPU = Release|Any CPU
	EndGlobalSection
	GlobalSection(ProjectConfigurationPlatforms) = postSolution
		{1079F9DF-4878-45A1-9C26-0E1F2325CD90}.Debug|Any CPU.ActiveCfg = Debug|Any CPU
		{1079F9DF-4878-45A1-9C26-0E1F2325CD90}.Debug|Any CPU.Build.0 = Debug|Any CPU
		{1079F9DF-4878-45A1-9C26-0E1F2325CD90}.Release|Any CPU.ActiveCfg = Release|Any CPU
		{1079F9DF-4878-45A1-9C26-0E1F2325CD90}.Release|Any CPU.Build.0 = Release|Any CPU
	EndGlobalSection
	GlobalSection(SolutionProperties) = preSolution
		HideSolutionNode = FALSE
	EndGlobalSection
EndGlobal
