
Microsoft Visual Studio Solution File, Format Version 12.00
# Visual Studio 2012
Project("{FAE04EC0-301F-11D3-BF4B-00C04F79EFBC}") = "POSSystem", "POSSystem\POSSystem.csproj", "{CC340C45-664E-4384-9F9B-45955317456D}"
EndProject
Project("{FAE04EC0-301F-11D3-BF4B-00C04F79EFBC}") = "POSSystemTests", "POSSystemTests\POSSystemTests.csproj", "{BA2B9B5D-86E0-43E7-ADDD-AAD4E87107B8}"
EndProject
Global
	GlobalSection(SolutionConfigurationPlatforms) = preSolution
		Debug|Any CPU = Debug|Any CPU
		Release|Any CPU = Release|Any CPU
	EndGlobalSection
	GlobalSection(ProjectConfigurationPlatforms) = postSolution
		{CC340C45-664E-4384-9F9B-45955317456D}.Debug|Any CPU.ActiveCfg = Debug|Any CPU
		{CC340C45-664E-4384-9F9B-45955317456D}.Debug|Any CPU.Build.0 = Debug|Any CPU
		{CC340C45-664E-4384-9F9B-45955317456D}.Release|Any CPU.ActiveCfg = Release|Any CPU
		{CC340C45-664E-4384-9F9B-45955317456D}.Release|Any CPU.Build.0 = Release|Any CPU
		{BA2B9B5D-86E0-43E7-ADDD-AAD4E87107B8}.Debug|Any CPU.ActiveCfg = Debug|Any CPU
		{BA2B9B5D-86E0-43E7-ADDD-AAD4E87107B8}.Debug|Any CPU.Build.0 = Debug|Any CPU
		{BA2B9B5D-86E0-43E7-ADDD-AAD4E87107B8}.Release|Any CPU.ActiveCfg = Release|Any CPU
		{BA2B9B5D-86E0-43E7-ADDD-AAD4E87107B8}.Release|Any CPU.Build.0 = Release|Any CPU
	EndGlobalSection
	GlobalSection(SolutionProperties) = preSolution
		HideSolutionNode = FALSE
	EndGlobalSection
EndGlobal
